// !$*UTF8*$!
{
	archiveVersion = 1;
	classes = {
	};
	objectVersion = 50;
	objects = {

/* Begin PBXBuildFile section */
		38B8BBD1B41309BA9C4E4C89 /* libPods-cw-helloUITests.a in Frameworks */ = {isa = PBXBuildFile; fileRef = 791EB1AE9CAEABF7B1034B6A /* libPods-cw-helloUITests.a */; };
		4835B8E720ECDB67000779D1 /* WeexSDK.framework in Frameworks */ = {isa = PBXBuildFile; fileRef = 4835B8E620ECDB67000779D1 /* WeexSDK.framework */; };
		4835B8E920ECDBBC000779D1 /* native-bundle-main.js in Resources */ = {isa = PBXBuildFile; fileRef = 4835B8E820ECDBBC000779D1 /* native-bundle-main.js */; };
		4835B8F020EDFE8F000779D1 /* MainViewComponent.m in Sources */ = {isa = PBXBuildFile; fileRef = 4835B8EF20EDFE8F000779D1 /* MainViewComponent.m */; };
		4835B8F320EDFEEA000779D1 /* Weex_Setup.m in Sources */ = {isa = PBXBuildFile; fileRef = 4835B8F220EDFEEA000779D1 /* Weex_Setup.m */; };
		4835B8F620EE36E8000779D1 /* MainViewModule.m in Sources */ = {isa = PBXBuildFile; fileRef = 4835B8F520EE36E8000779D1 /* MainViewModule.m */; };
		485A028E20EA122400CA3FF1 /* AppDelegate.m in Sources */ = {isa = PBXBuildFile; fileRef = 485A028D20EA122400CA3FF1 /* AppDelegate.m */; };
		485A029120EA122400CA3FF1 /* ViewController.m in Sources */ = {isa = PBXBuildFile; fileRef = 485A029020EA122400CA3FF1 /* ViewController.m */; };
		485A029420EA122400CA3FF1 /* Main.storyboard in Resources */ = {isa = PBXBuildFile; fileRef = 485A029220EA122400CA3FF1 /* Main.storyboard */; };
		485A029620EA122500CA3FF1 /* Assets.xcassets in Resources */ = {isa = PBXBuildFile; fileRef = 485A029520EA122500CA3FF1 /* Assets.xcassets */; };
		485A029920EA122500CA3FF1 /* LaunchScreen.storyboard in Resources */ = {isa = PBXBuildFile; fileRef = 485A029720EA122500CA3FF1 /* LaunchScreen.storyboard */; };
		485A029C20EA122500CA3FF1 /* main.m in Sources */ = {isa = PBXBuildFile; fileRef = 485A029B20EA122500CA3FF1 /* main.m */; };
		485A02A620EA122500CA3FF1 /* cw_helloTests.m in Sources */ = {isa = PBXBuildFile; fileRef = 485A02A520EA122500CA3FF1 /* cw_helloTests.m */; };
		485A02B120EA122500CA3FF1 /* cw_helloUITests.m in Sources */ = {isa = PBXBuildFile; fileRef = 485A02B020EA122500CA3FF1 /* cw_helloUITests.m */; };
		BCAD9122C08D193D8639E852 /* libPods-cw-helloTests.a in Frameworks */ = {isa = PBXBuildFile; fileRef = A0A023034490ACA8CFA60339 /* libPods-cw-helloTests.a */; };
		C6C610DA0C9C1DAAC45D1AAE /* libPods-cw-hello.a in Frameworks */ = {isa = PBXBuildFile; fileRef = D9417C18ADB2DBC166651E94 /* libPods-cw-hello.a */; };
/* End PBXBuildFile section */

/* Begin PBXContainerItemProxy section */
		485A02A220EA122500CA3FF1 /* PBXContainerItemProxy */ = {
			isa = PBXContainerItemProxy;
			containerPortal = 485A028120EA122400CA3FF1 /* Project object */;
			proxyType = 1;
			remoteGlobalIDString = 485A028820EA122400CA3FF1;
			remoteInfo = "cw-hello";
		};
		485A02AD20EA122500CA3FF1 /* PBXContainerItemProxy */ = {
			isa = PBXContainerItemProxy;
			containerPortal = 485A028120EA122400CA3FF1 /* Project object */;
			proxyType = 1;
			remoteGlobalIDString = 485A028820EA122400CA3FF1;
			remoteInfo = "cw-hello";
		};
/* End PBXContainerItemProxy section */

/* Begin PBXFileReference section */
		4835B8E620ECDB67000779D1 /* WeexSDK.framework */ = {isa = PBXFileReference; lastKnownFileType = wrapper.framework; name = WeexSDK.framework; path = "sdk/WEEXSDK/incubator-weex/ios/sdk/Products/WeexSDK.framework"; sourceTree = "<group>"; };
		4835B8E820ECDBBC000779D1 /* native-bundle-main.js */ = {isa = PBXFileReference; lastKnownFileType = sourcecode.javascript; path = "native-bundle-main.js"; sourceTree = "<group>"; };
		4835B8EE20EDFE8F000779D1 /* MainViewComponent.h */ = {isa = PBXFileReference; lastKnownFileType = sourcecode.c.h; path = MainViewComponent.h; sourceTree = "<group>"; };
		4835B8EF20EDFE8F000779D1 /* MainViewComponent.m */ = {isa = PBXFileReference; lastKnownFileType = sourcecode.c.objc; path = MainViewComponent.m; sourceTree = "<group>"; };
		4835B8F120EDFEEA000779D1 /* Weex_Setup.h */ = {isa = PBXFileReference; lastKnownFileType = sourcecode.c.h; path = Weex_Setup.h; sourceTree = "<group>"; };
		4835B8F220EDFEEA000779D1 /* Weex_Setup.m */ = {isa = PBXFileReference; lastKnownFileType = sourcecode.c.objc; path = Weex_Setup.m; sourceTree = "<group>"; };
		4835B8F420EE36E8000779D1 /* MainViewModule.h */ = {isa = PBXFileReference; lastKnownFileType = sourcecode.c.h; path = MainViewModule.h; sourceTree = "<group>"; };
		4835B8F520EE36E8000779D1 /* MainViewModule.m */ = {isa = PBXFileReference; lastKnownFileType = sourcecode.c.objc; path = MainViewModule.m; sourceTree = "<group>"; };
		485A028920EA122400CA3FF1 /* cw-hello.app */ = {isa = PBXFileReference; explicitFileType = wrapper.application; includeInIndex = 0; path = "cw-hello.app"; sourceTree = BUILT_PRODUCTS_DIR; };
		485A028C20EA122400CA3FF1 /* AppDelegate.h */ = {isa = PBXFileReference; lastKnownFileType = sourcecode.c.h; path = AppDelegate.h; sourceTree = "<group>"; };
		485A028D20EA122400CA3FF1 /* AppDelegate.m */ = {isa = PBXFileReference; lastKnownFileType = sourcecode.c.objc; path = AppDelegate.m; sourceTree = "<group>"; };
		485A028F20EA122400CA3FF1 /* ViewController.h */ = {isa = PBXFileReference; lastKnownFileType = sourcecode.c.h; path = ViewController.h; sourceTree = "<group>"; };
		485A029020EA122400CA3FF1 /* ViewController.m */ = {isa = PBXFileReference; lastKnownFileType = sourcecode.c.objc; path = ViewController.m; sourceTree = "<group>"; };
		485A029320EA122400CA3FF1 /* Base */ = {isa = PBXFileReference; lastKnownFileType = file.storyboard; name = Base; path = Base.lproj/Main.storyboard; sourceTree = "<group>"; };
		485A029520EA122500CA3FF1 /* Assets.xcassets */ = {isa = PBXFileReference; lastKnownFileType = folder.assetcatalog; path = Assets.xcassets; sourceTree = "<group>"; };
		485A029820EA122500CA3FF1 /* Base */ = {isa = PBXFileReference; lastKnownFileType = file.storyboard; name = Base; path = Base.lproj/LaunchScreen.storyboard; sourceTree = "<group>"; };
		485A029A20EA122500CA3FF1 /* Info.plist */ = {isa = PBXFileReference; lastKnownFileType = text.plist.xml; path = Info.plist; sourceTree = "<group>"; };
		485A029B20EA122500CA3FF1 /* main.m */ = {isa = PBXFileReference; lastKnownFileType = sourcecode.c.objc; path = main.m; sourceTree = "<group>"; };
		485A02A120EA122500CA3FF1 /* cw-helloTests.xctest */ = {isa = PBXFileReference; explicitFileType = wrapper.cfbundle; includeInIndex = 0; path = "cw-helloTests.xctest"; sourceTree = BUILT_PRODUCTS_DIR; };
		485A02A520EA122500CA3FF1 /* cw_helloTests.m */ = {isa = PBXFileReference; lastKnownFileType = sourcecode.c.objc; path = cw_helloTests.m; sourceTree = "<group>"; };
		485A02A720EA122500CA3FF1 /* Info.plist */ = {isa = PBXFileReference; lastKnownFileType = text.plist.xml; path = Info.plist; sourceTree = "<group>"; };
		485A02AC20EA122500CA3FF1 /* cw-helloUITests.xctest */ = {isa = PBXFileReference; explicitFileType = wrapper.cfbundle; includeInIndex = 0; path = "cw-helloUITests.xctest"; sourceTree = BUILT_PRODUCTS_DIR; };
		485A02B020EA122500CA3FF1 /* cw_helloUITests.m */ = {isa = PBXFileReference; lastKnownFileType = sourcecode.c.objc; path = cw_helloUITests.m; sourceTree = "<group>"; };
		485A02B220EA122500CA3FF1 /* Info.plist */ = {isa = PBXFileReference; lastKnownFileType = text.plist.xml; path = Info.plist; sourceTree = "<group>"; };
		60A5E3087AB5C4852045728B /* Pods-cw-helloUITests.debug.xcconfig */ = {isa = PBXFileReference; includeInIndex = 1; lastKnownFileType = text.xcconfig; name = "Pods-cw-helloUITests.debug.xcconfig"; path = "Pods/Target Support Files/Pods-cw-helloUITests/Pods-cw-helloUITests.debug.xcconfig"; sourceTree = "<group>"; };
		636B8CDE0421DDF380295621 /* Pods-cw-helloTests.release.xcconfig */ = {isa = PBXFileReference; includeInIndex = 1; lastKnownFileType = text.xcconfig; name = "Pods-cw-helloTests.release.xcconfig"; path = "Pods/Target Support Files/Pods-cw-helloTests/Pods-cw-helloTests.release.xcconfig"; sourceTree = "<group>"; };
		727654AAC4DA80759C6555D3 /* Pods-cw-helloUITests.release.xcconfig */ = {isa = PBXFileReference; includeInIndex = 1; lastKnownFileType = text.xcconfig; name = "Pods-cw-helloUITests.release.xcconfig"; path = "Pods/Target Support Files/Pods-cw-helloUITests/Pods-cw-helloUITests.release.xcconfig"; sourceTree = "<group>"; };
		791EB1AE9CAEABF7B1034B6A /* libPods-cw-helloUITests.a */ = {isa = PBXFileReference; explicitFileType = archive.ar; includeInIndex = 0; path = "libPods-cw-helloUITests.a"; sourceTree = BUILT_PRODUCTS_DIR; };
		A0A023034490ACA8CFA60339 /* libPods-cw-helloTests.a */ = {isa = PBXFileReference; explicitFileType = archive.ar; includeInIndex = 0; path = "libPods-cw-helloTests.a"; sourceTree = BUILT_PRODUCTS_DIR; };
		CE0CDBE9AC98A3EB1254B5DE /* Pods-cw-helloTests.debug.xcconfig */ = {isa = PBXFileReference; includeInIndex = 1; lastKnownFileType = text.xcconfig; name = "Pods-cw-helloTests.debug.xcconfig"; path = "Pods/Target Support Files/Pods-cw-helloTests/Pods-cw-helloTests.debug.xcconfig"; sourceTree = "<group>"; };
		D9417C18ADB2DBC166651E94 /* libPods-cw-hello.a */ = {isa = PBXFileReference; explicitFileType = archive.ar; includeInIndex = 0; path = "libPods-cw-hello.a"; sourceTree = BUILT_PRODUCTS_DIR; };
		F5AC8587C72A53CDB7C2F7DC /* Pods-cw-hello.release.xcconfig */ = {isa = PBXFileReference; includeInIndex = 1; lastKnownFileType = text.xcconfig; name = "Pods-cw-hello.release.xcconfig"; path = "Pods/Target Support Files/Pods-cw-hello/Pods-cw-hello.release.xcconfig"; sourceTree = "<group>"; };
		F6245306D04167BF06D3A46E /* Pods-cw-hello.debug.xcconfig */ = {isa = PBXFileReference; includeInIndex = 1; lastKnownFileType = text.xcconfig; name = "Pods-cw-hello.debug.xcconfig"; path = "Pods/Target Support Files/Pods-cw-hello/Pods-cw-hello.debug.xcconfig"; sourceTree = "<group>"; };
/* End PBXFileReference section */

/* Begin PBXFrameworksBuildPhase section */
		485A028620EA122400CA3FF1 /* Frameworks */ = {
			isa = PBXFrameworksBuildPhase;
			buildActionMask = 2147483647;
			files = (
				4835B8E720ECDB67000779D1 /* WeexSDK.framework in Frameworks */,
				C6C610DA0C9C1DAAC45D1AAE /* libPods-cw-hello.a in Frameworks */,
			);
			runOnlyForDeploymentPostprocessing = 0;
		};
		485A029E20EA122500CA3FF1 /* Frameworks */ = {
			isa = PBXFrameworksBuildPhase;
			buildActionMask = 2147483647;
			files = (
				BCAD9122C08D193D8639E852 /* libPods-cw-helloTests.a in Frameworks */,
			);
			runOnlyForDeploymentPostprocessing = 0;
		};
		485A02A920EA122500CA3FF1 /* Frameworks */ = {
			isa = PBXFrameworksBuildPhase;
			buildActionMask = 2147483647;
			files = (
				38B8BBD1B41309BA9C4E4C89 /* libPods-cw-helloUITests.a in Frameworks */,
			);
			runOnlyForDeploymentPostprocessing = 0;
		};
/* End PBXFrameworksBuildPhase section */

/* Begin PBXGroup section */
		0E774564CAB640BCDB4C54D0 /* Pods */ = {
			isa = PBXGroup;
			children = (
				F6245306D04167BF06D3A46E /* Pods-cw-hello.debug.xcconfig */,
				F5AC8587C72A53CDB7C2F7DC /* Pods-cw-hello.release.xcconfig */,
				CE0CDBE9AC98A3EB1254B5DE /* Pods-cw-helloTests.debug.xcconfig */,
				636B8CDE0421DDF380295621 /* Pods-cw-helloTests.release.xcconfig */,
				60A5E3087AB5C4852045728B /* Pods-cw-helloUITests.debug.xcconfig */,
				727654AAC4DA80759C6555D3 /* Pods-cw-helloUITests.release.xcconfig */,
			);
			name = Pods;
			sourceTree = "<group>";
		};
		4835B8EA20EDFA8C000779D1 /* Weex */ = {
			isa = PBXGroup;
			children = (
				4835B8F120EDFEEA000779D1 /* Weex_Setup.h */,
				4835B8F220EDFEEA000779D1 /* Weex_Setup.m */,
				4835B8EB20EDFA8C000779D1 /* Handler */,
				4835B8EC20EDFA8C000779D1 /* Module */,
				4835B8ED20EDFA8C000779D1 /* Component */,
			);
			path = Weex;
			sourceTree = "<group>";
		};
		4835B8EB20EDFA8C000779D1 /* Handler */ = {
			isa = PBXGroup;
			children = (
			);
			path = Handler;
			sourceTree = "<group>";
		};
		4835B8EC20EDFA8C000779D1 /* Module */ = {
			isa = PBXGroup;
			children = (
				4835B8F420EE36E8000779D1 /* MainViewModule.h */,
				4835B8F520EE36E8000779D1 /* MainViewModule.m */,
			);
			path = Module;
			sourceTree = "<group>";
		};
		4835B8ED20EDFA8C000779D1 /* Component */ = {
			isa = PBXGroup;
			children = (
				4835B8EE20EDFE8F000779D1 /* MainViewComponent.h */,
				4835B8EF20EDFE8F000779D1 /* MainViewComponent.m */,
			);
			path = Component;
			sourceTree = "<group>";
		};
		485A028020EA122400CA3FF1 = {
			isa = PBXGroup;
			children = (
				4835B8E820ECDBBC000779D1 /* native-bundle-main.js */,
				485A028B20EA122400CA3FF1 /* cw-hello */,
				485A02A420EA122500CA3FF1 /* cw-helloTests */,
				485A02AF20EA122500CA3FF1 /* cw-helloUITests */,
				485A028A20EA122400CA3FF1 /* Products */,
				0E774564CAB640BCDB4C54D0 /* Pods */,
				5C469BB121557C08123786E5 /* Frameworks */,
			);
			sourceTree = "<group>";
		};
		485A028A20EA122400CA3FF1 /* Products */ = {
			isa = PBXGroup;
			children = (
				485A028920EA122400CA3FF1 /* cw-hello.app */,
				485A02A120EA122500CA3FF1 /* cw-helloTests.xctest */,
				485A02AC20EA122500CA3FF1 /* cw-helloUITests.xctest */,
			);
			name = Products;
			sourceTree = "<group>";
		};
		485A028B20EA122400CA3FF1 /* cw-hello */ = {
			isa = PBXGroup;
			children = (
				4835B8EA20EDFA8C000779D1 /* Weex */,
				485A028C20EA122400CA3FF1 /* AppDelegate.h */,
				485A028D20EA122400CA3FF1 /* AppDelegate.m */,
				485A028F20EA122400CA3FF1 /* ViewController.h */,
				485A029020EA122400CA3FF1 /* ViewController.m */,
				485A029220EA122400CA3FF1 /* Main.storyboard */,
				485A029520EA122500CA3FF1 /* Assets.xcassets */,
				485A029720EA122500CA3FF1 /* LaunchScreen.storyboard */,
				485A029A20EA122500CA3FF1 /* Info.plist */,
				485A029B20EA122500CA3FF1 /* main.m */,
			);
			path = "cw-hello";
			sourceTree = "<group>";
		};
		485A02A420EA122500CA3FF1 /* cw-helloTests */ = {
			isa = PBXGroup;
			children = (
				485A02A520EA122500CA3FF1 /* cw_helloTests.m */,
				485A02A720EA122500CA3FF1 /* Info.plist */,
			);
			path = "cw-helloTests";
			sourceTree = "<group>";
		};
		485A02AF20EA122500CA3FF1 /* cw-helloUITests */ = {
			isa = PBXGroup;
			children = (
				485A02B020EA122500CA3FF1 /* cw_helloUITests.m */,
				485A02B220EA122500CA3FF1 /* Info.plist */,
			);
			path = "cw-helloUITests";
			sourceTree = "<group>";
		};
		5C469BB121557C08123786E5 /* Frameworks */ = {
			isa = PBXGroup;
			children = (
				4835B8E620ECDB67000779D1 /* WeexSDK.framework */,
				D9417C18ADB2DBC166651E94 /* libPods-cw-hello.a */,
				A0A023034490ACA8CFA60339 /* libPods-cw-helloTests.a */,
				791EB1AE9CAEABF7B1034B6A /* libPods-cw-helloUITests.a */,
			);
			name = Frameworks;
			sourceTree = "<group>";
		};
/* End PBXGroup section */

/* Begin PBXNativeTarget section */
		485A028820EA122400CA3FF1 /* cw-hello */ = {
			isa = PBXNativeTarget;
			buildConfigurationList = 485A02B520EA122500CA3FF1 /* Build configuration list for PBXNativeTarget "cw-hello" */;
			buildPhases = (
				7A37D9E8B18F9DF0D12722C3 /* [CP] Check Pods Manifest.lock */,
				485A028520EA122400CA3FF1 /* Sources */,
				485A028620EA122400CA3FF1 /* Frameworks */,
				485A028720EA122400CA3FF1 /* Resources */,
				C745238AC28D2C3A133D7AB1 /* [CP] Copy Pods Resources */,
			);
			buildRules = (
			);
			dependencies = (
			);
			name = "cw-hello";
			productName = "cw-hello";
			productReference = 485A028920EA122400CA3FF1 /* cw-hello.app */;
			productType = "com.apple.product-type.application";
		};
		485A02A020EA122500CA3FF1 /* cw-helloTests */ = {
			isa = PBXNativeTarget;
			buildConfigurationList = 485A02B820EA122500CA3FF1 /* Build configuration list for PBXNativeTarget "cw-helloTests" */;
			buildPhases = (
				CF838ADD31919A9883DC1E39 /* [CP] Check Pods Manifest.lock */,
				485A029D20EA122500CA3FF1 /* Sources */,
				485A029E20EA122500CA3FF1 /* Frameworks */,
				485A029F20EA122500CA3FF1 /* Resources */,
			);
			buildRules = (
			);
			dependencies = (
				485A02A320EA122500CA3FF1 /* PBXTargetDependency */,
			);
			name = "cw-helloTests";
			productName = "cw-helloTests";
			productReference = 485A02A120EA122500CA3FF1 /* cw-helloTests.xctest */;
			productType = "com.apple.product-type.bundle.unit-test";
		};
		485A02AB20EA122500CA3FF1 /* cw-helloUITests */ = {
			isa = PBXNativeTarget;
			buildConfigurationList = 485A02BB20EA122500CA3FF1 /* Build configuration list for PBXNativeTarget "cw-helloUITests" */;
			buildPhases = (
				AAE2336E7EE8EA38528075BB /* [CP] Check Pods Manifest.lock */,
				485A02A820EA122500CA3FF1 /* Sources */,
				485A02A920EA122500CA3FF1 /* Frameworks */,
				485A02AA20EA122500CA3FF1 /* Resources */,
			);
			buildRules = (
			);
			dependencies = (
				485A02AE20EA122500CA3FF1 /* PBXTargetDependency */,
			);
			name = "cw-helloUITests";
			productName = "cw-helloUITests";
			productReference = 485A02AC20EA122500CA3FF1 /* cw-helloUITests.xctest */;
			productType = "com.apple.product-type.bundle.ui-testing";
		};
/* End PBXNativeTarget section */

/* Begin PBXProject section */
		485A028120EA122400CA3FF1 /* Project object */ = {
			isa = PBXProject;
			attributes = {
				LastUpgradeCheck = 0940;
				ORGANIZATIONNAME = "曹良辰";
				TargetAttributes = {
					485A028820EA122400CA3FF1 = {
						CreatedOnToolsVersion = 9.4.1;
					};
					485A02A020EA122500CA3FF1 = {
						CreatedOnToolsVersion = 9.4.1;
						TestTargetID = 485A028820EA122400CA3FF1;
					};
					485A02AB20EA122500CA3FF1 = {
						CreatedOnToolsVersion = 9.4.1;
						TestTargetID = 485A028820EA122400CA3FF1;
					};
				};
			};
			buildConfigurationList = 485A028420EA122400CA3FF1 /* Build configuration list for PBXProject "cw-hello" */;
			compatibilityVersion = "Xcode 9.3";
			developmentRegion = en;
			hasScannedForEncodings = 0;
			knownRegions = (
				en,
				Base,
			);
			mainGroup = 485A028020EA122400CA3FF1;
			productRefGroup = 485A028A20EA122400CA3FF1 /* Products */;
			projectDirPath = "";
			projectRoot = "";
			targets = (
				485A028820EA122400CA3FF1 /* cw-hello */,
				485A02A020EA122500CA3FF1 /* cw-helloTests */,
				485A02AB20EA122500CA3FF1 /* cw-helloUITests */,
			);
		};
/* End PBXProject section */

/* Begin PBXResourcesBuildPhase section */
		485A028720EA122400CA3FF1 /* Resources */ = {
			isa = PBXResourcesBuildPhase;
			buildActionMask = 2147483647;
			files = (
				4835B8E920ECDBBC000779D1 /* native-bundle-main.js in Resources */,
				485A029920EA122500CA3FF1 /* LaunchScreen.storyboard in Resources */,
				485A029620EA122500CA3FF1 /* Assets.xcassets in Resources */,
				485A029420EA122400CA3FF1 /* Main.storyboard in Resources */,
			);
			runOnlyForDeploymentPostprocessing = 0;
		};
		485A029F20EA122500CA3FF1 /* Resources */ = {
			isa = PBXResourcesBuildPhase;
			buildActionMask = 2147483647;
			files = (
			);
			runOnlyForDeploymentPostprocessing = 0;
		};
		485A02AA20EA122500CA3FF1 /* Resources */ = {
			isa = PBXResourcesBuildPhase;
			buildActionMask = 2147483647;
			files = (
			);
			runOnlyForDeploymentPostprocessing = 0;
		};
/* End PBXResourcesBuildPhase section */

/* Begin PBXShellScriptBuildPhase section */
		7A37D9E8B18F9DF0D12722C3 /* [CP] Check Pods Manifest.lock */ = {
			isa = PBXShellScriptBuildPhase;
			buildActionMask = 2147483647;
			files = (
			);
			inputPaths = (
				"${PODS_PODFILE_DIR_PATH}/Podfile.lock",
				"${PODS_ROOT}/Manifest.lock",
			);
			name = "[CP] Check Pods Manifest.lock";
			outputPaths = (
				"$(DERIVED_FILE_DIR)/Pods-cw-hello-checkManifestLockResult.txt",
			);
			runOnlyForDeploymentPostprocessing = 0;
			shellPath = /bin/sh;
			shellScript = "diff \"${PODS_PODFILE_DIR_PATH}/Podfile.lock\" \"${PODS_ROOT}/Manifest.lock\" > /dev/null\nif [ $? != 0 ] ; then\n    # print error to STDERR\n    echo \"error: The sandbox is not in sync with the Podfile.lock. Run 'pod install' or update your CocoaPods installation.\" >&2\n    exit 1\nfi\n# This output is used by Xcode 'outputs' to avoid re-running this script phase.\necho \"SUCCESS\" > \"${SCRIPT_OUTPUT_FILE_0}\"\n";
			showEnvVarsInLog = 0;
		};
		AAE2336E7EE8EA38528075BB /* [CP] Check Pods Manifest.lock */ = {
			isa = PBXShellScriptBuildPhase;
			buildActionMask = 2147483647;
			files = (
			);
			inputPaths = (
				"${PODS_PODFILE_DIR_PATH}/Podfile.lock",
				"${PODS_ROOT}/Manifest.lock",
			);
			name = "[CP] Check Pods Manifest.lock";
			outputPaths = (
				"$(DERIVED_FILE_DIR)/Pods-cw-helloUITests-checkManifestLockResult.txt",
			);
			runOnlyForDeploymentPostprocessing = 0;
			shellPath = /bin/sh;
			shellScript = "diff \"${PODS_PODFILE_DIR_PATH}/Podfile.lock\" \"${PODS_ROOT}/Manifest.lock\" > /dev/null\nif [ $? != 0 ] ; then\n    # print error to STDERR\n    echo \"error: The sandbox is not in sync with the Podfile.lock. Run 'pod install' or update your CocoaPods installation.\" >&2\n    exit 1\nfi\n# This output is used by Xcode 'outputs' to avoid re-running this script phase.\necho \"SUCCESS\" > \"${SCRIPT_OUTPUT_FILE_0}\"\n";
			showEnvVarsInLog = 0;
		};
		C745238AC28D2C3A133D7AB1 /* [CP] Copy Pods Resources */ = {
			isa = PBXShellScriptBuildPhase;
			buildActionMask = 2147483647;
			files = (
			);
			inputPaths = (
				"${SRCROOT}/Pods/Target Support Files/Pods-cw-hello/Pods-cw-hello-resources.sh",
				"${PODS_ROOT}/WeexSDK/pre-build/native-bundle-main.js",
				"${PODS_ROOT}/WeexSDK/ios/sdk/WeexSDK/Resources/wx_load_error@3x.png",
			);
			name = "[CP] Copy Pods Resources";
			outputPaths = (
				"${TARGET_BUILD_DIR}/${UNLOCALIZED_RESOURCES_FOLDER_PATH}/native-bundle-main.js",
				"${TARGET_BUILD_DIR}/${UNLOCALIZED_RESOURCES_FOLDER_PATH}/wx_load_error@3x.png",
			);
			runOnlyForDeploymentPostprocessing = 0;
			shellPath = /bin/sh;
			shellScript = "\"${SRCROOT}/Pods/Target Support Files/Pods-cw-hello/Pods-cw-hello-resources.sh\"\n";
			showEnvVarsInLog = 0;
		};
		CF838ADD31919A9883DC1E39 /* [CP] Check Pods Manifest.lock */ = {
			isa = PBXShellScriptBuildPhase;
			buildActionMask = 2147483647;
			files = (
			);
			inputPaths = (
				"${PODS_PODFILE_DIR_PATH}/Podfile.lock",
				"${PODS_ROOT}/Manifest.lock",
			);
			name = "[CP] Check Pods Manifest.lock";
			outputPaths = (
				"$(DERIVED_FILE_DIR)/Pods-cw-helloTests-checkManifestLockResult.txt",
			);
			runOnlyForDeploymentPostprocessing = 0;
			shellPath = /bin/sh;
			shellScript = "diff \"${PODS_PODFILE_DIR_PATH}/Podfile.lock\" \"${PODS_ROOT}/Manifest.lock\" > /dev/null\nif [ $? != 0 ] ; then\n    # print error to STDERR\n    echo \"error: The sandbox is not in sync with the Podfile.lock. Run 'pod install' or update your CocoaPods installation.\" >&2\n    exit 1\nfi\n# This output is used by Xcode 'outputs' to avoid re-running this script phase.\necho \"SUCCESS\" > \"${SCRIPT_OUTPUT_FILE_0}\"\n";
			showEnvVarsInLog = 0;
		};
/* End PBXShellScriptBuildPhase section */

/* Begin PBXSourcesBuildPhase section */
		485A028520EA122400CA3FF1 /* Sources */ = {
			isa = PBXSourcesBuildPhase;
			buildActionMask = 2147483647;
			files = (
				485A029120EA122400CA3FF1 /* ViewController.m in Sources */,
				4835B8F620EE36E8000779D1 /* MainViewModule.m in Sources */,
				4835B8F020EDFE8F000779D1 /* MainViewComponent.m in Sources */,
				4835B8F320EDFEEA000779D1 /* Weex_Setup.m in Sources */,
				485A029C20EA122500CA3FF1 /* main.m in Sources */,
				485A028E20EA122400CA3FF1 /* AppDelegate.m in Sources */,
			);
			runOnlyForDeploymentPostprocessing = 0;
		};
		485A029D20EA122500CA3FF1 /* Sources */ = {
			isa = PBXSourcesBuildPhase;
			buildActionMask = 2147483647;
			files = (
				485A02A620EA122500CA3FF1 /* cw_helloTests.m in Sources */,
			);
			runOnlyForDeploymentPostprocessing = 0;
		};
		485A02A820EA122500CA3FF1 /* Sources */ = {
			isa = PBXSourcesBuildPhase;
			buildActionMask = 2147483647;
			files = (
				485A02B120EA122500CA3FF1 /* cw_helloUITests.m in Sources */,
			);
			runOnlyForDeploymentPostprocessing = 0;
		};
/* End PBXSourcesBuildPhase section */

/* Begin PBXTargetDependency section */
		485A02A320EA122500CA3FF1 /* PBXTargetDependency */ = {
			isa = PBXTargetDependency;
			target = 485A028820EA122400CA3FF1 /* cw-hello */;
			targetProxy = 485A02A220EA122500CA3FF1 /* PBXContainerItemProxy */;
		};
		485A02AE20EA122500CA3FF1 /* PBXTargetDependency */ = {
			isa = PBXTargetDependency;
			target = 485A028820EA122400CA3FF1 /* cw-hello */;
			targetProxy = 485A02AD20EA122500CA3FF1 /* PBXContainerItemProxy */;
		};
/* End PBXTargetDependency section */

/* Begin PBXVariantGroup section */
		485A029220EA122400CA3FF1 /* Main.storyboard */ = {
			isa = PBXVariantGroup;
			children = (
				485A029320EA122400CA3FF1 /* Base */,
			);
			name = Main.storyboard;
			sourceTree = "<group>";
		};
		485A029720EA122500CA3FF1 /* LaunchScreen.storyboard */ = {
			isa = PBXVariantGroup;
			children = (
				485A029820EA122500CA3FF1 /* Base */,
			);
			name = LaunchScreen.storyboard;
			sourceTree = "<group>";
		};
/* End PBXVariantGroup section */

/* Begin XCBuildConfiguration section */
		485A02B320EA122500CA3FF1 /* Debug */ = {
			isa = XCBuildConfiguration;
			buildSettings = {
				ALWAYS_SEARCH_USER_PATHS = NO;
				CLANG_ANALYZER_NONNULL = YES;
				CLANG_ANALYZER_NUMBER_OBJECT_CONVERSION = YES_AGGRESSIVE;
				CLANG_CXX_LANGUAGE_STANDARD = "gnu++14";
				CLANG_CXX_LIBRARY = "libc++";
				CLANG_ENABLE_MODULES = YES;
				CLANG_ENABLE_OBJC_ARC = YES;
				CLANG_ENABLE_OBJC_WEAK = YES;
				CLANG_WARN_BLOCK_CAPTURE_AUTORELEASING = YES;
				CLANG_WARN_BOOL_CONVERSION = YES;
				CLANG_WARN_COMMA = YES;
				CLANG_WARN_CONSTANT_CONVERSION = YES;
				CLANG_WARN_DEPRECATED_OBJC_IMPLEMENTATIONS = YES;
				CLANG_WARN_DIRECT_OBJC_ISA_USAGE = YES_ERROR;
				CLANG_WARN_DOCUMENTATION_COMMENTS = YES;
				CLANG_WARN_EMPTY_BODY = YES;
				CLANG_WARN_ENUM_CONVERSION = YES;
				CLANG_WARN_INFINITE_RECURSION = YES;
				CLANG_WARN_INT_CONVERSION = YES;
				CLANG_WARN_NON_LITERAL_NULL_CONVERSION = YES;
				CLANG_WARN_OBJC_IMPLICIT_RETAIN_SELF = YES;
				CLANG_WARN_OBJC_LITERAL_CONVERSION = YES;
				CLANG_WARN_OBJC_ROOT_CLASS = YES_ERROR;
				CLANG_WARN_RANGE_LOOP_ANALYSIS = YES;
				CLANG_WARN_STRICT_PROTOTYPES = YES;
				CLANG_WARN_SUSPICIOUS_MOVE = YES;
				CLANG_WARN_UNGUARDED_AVAILABILITY = YES_AGGRESSIVE;
				CLANG_WARN_UNREACHABLE_CODE = YES;
				CLANG_WARN__DUPLICATE_METHOD_MATCH = YES;
				CODE_SIGN_IDENTITY = "iPhone Developer";
				COPY_PHASE_STRIP = NO;
				DEBUG_INFORMATION_FORMAT = dwarf;
				ENABLE_STRICT_OBJC_MSGSEND = YES;
				ENABLE_TESTABILITY = YES;
				GCC_C_LANGUAGE_STANDARD = gnu11;
				GCC_DYNAMIC_NO_PIC = NO;
				GCC_NO_COMMON_BLOCKS = YES;
				GCC_OPTIMIZATION_LEVEL = 0;
				GCC_PREPROCESSOR_DEFINITIONS = (
					"DEBUG=1",
					"$(inherited)",
				);
				GCC_WARN_64_TO_32_BIT_CONVERSION = YES;
				GCC_WARN_ABOUT_RETURN_TYPE = YES_ERROR;
				GCC_WARN_UNDECLARED_SELECTOR = YES;
				GCC_WARN_UNINITIALIZED_AUTOS = YES_AGGRESSIVE;
				GCC_WARN_UNUSED_FUNCTION = YES;
				GCC_WARN_UNUSED_VARIABLE = YES;
				IPHONEOS_DEPLOYMENT_TARGET = 11.4;
				MTL_ENABLE_DEBUG_INFO = YES;
				ONLY_ACTIVE_ARCH = YES;
				SDKROOT = iphoneos;
			};
			name = Debug;
		};
		485A02B420EA122500CA3FF1 /* Release */ = {
			isa = XCBuildConfiguration;
			buildSettings = {
				ALWAYS_SEARCH_USER_PATHS = NO;
				CLANG_ANALYZER_NONNULL = YES;
				CLANG_ANALYZER_NUMBER_OBJECT_CONVERSION = YES_AGGRESSIVE;
				CLANG_CXX_LANGUAGE_STANDARD = "gnu++14";
				CLANG_CXX_LIBRARY = "libc++";
				CLANG_ENABLE_MODULES = YES;
				CLANG_ENABLE_OBJC_ARC = YES;
				CLANG_ENABLE_OBJC_WEAK = YES;
				CLANG_WARN_BLOCK_CAPTURE_AUTORELEASING = YES;
				CLANG_WARN_BOOL_CONVERSION = YES;
				CLANG_WARN_COMMA = YES;
				CLANG_WARN_CONSTANT_CONVERSION = YES;
				CLANG_WARN_DEPRECATED_OBJC_IMPLEMENTATIONS = YES;
				CLANG_WARN_DIRECT_OBJC_ISA_USAGE = YES_ERROR;
				CLANG_WARN_DOCUMENTATION_COMMENTS = YES;
				CLANG_WARN_EMPTY_BODY = YES;
				CLANG_WARN_ENUM_CONVERSION = YES;
				CLANG_WARN_INFINITE_RECURSION = YES;
				CLANG_WARN_INT_CONVERSION = YES;
				CLANG_WARN_NON_LITERAL_NULL_CONVERSION = YES;
				CLANG_WARN_OBJC_IMPLICIT_RETAIN_SELF = YES;
				CLANG_WARN_OBJC_LITERAL_CONVERSION = YES;
				CLANG_WARN_OBJC_ROOT_CLASS = YES_ERROR;
				CLANG_WARN_RANGE_LOOP_ANALYSIS = YES;
				CLANG_WARN_STRICT_PROTOTYPES = YES;
				CLANG_WARN_SUSPICIOUS_MOVE = YES;
				CLANG_WARN_UNGUARDED_AVAILABILITY = YES_AGGRESSIVE;
				CLANG_WARN_UNREACHABLE_CODE = YES;
				CLANG_WARN__DUPLICATE_METHOD_MATCH = YES;
				CODE_SIGN_IDENTITY = "iPhone Developer";
				COPY_PHASE_STRIP = NO;
				DEBUG_INFORMATION_FORMAT = "dwarf-with-dsym";
				ENABLE_NS_ASSERTIONS = NO;
				ENABLE_STRICT_OBJC_MSGSEND = YES;
				GCC_C_LANGUAGE_STANDARD = gnu11;
				GCC_NO_COMMON_BLOCKS = YES;
				GCC_WARN_64_TO_32_BIT_CONVERSION = YES;
				GCC_WARN_ABOUT_RETURN_TYPE = YES_ERROR;
				GCC_WARN_UNDECLARED_SELECTOR = YES;
				GCC_WARN_UNINITIALIZED_AUTOS = YES_AGGRESSIVE;
				GCC_WARN_UNUSED_FUNCTION = YES;
				GCC_WARN_UNUSED_VARIABLE = YES;
				IPHONEOS_DEPLOYMENT_TARGET = 11.4;
				MTL_ENABLE_DEBUG_INFO = NO;
				SDKROOT = iphoneos;
				VALIDATE_PRODUCT = YES;
			};
			name = Release;
		};
		485A02B620EA122500CA3FF1 /* Debug */ = {
			isa = XCBuildConfiguration;
			baseConfigurationReference = F6245306D04167BF06D3A46E /* Pods-cw-hello.debug.xcconfig */;
			buildSettings = {
				ASSETCATALOG_COMPILER_APPICON_NAME = AppIcon;
				CODE_SIGN_STYLE = Automatic;
				FRAMEWORK_SEARCH_PATHS = (
					"$(inherited)",
					"$(PROJECT_DIR)/sdk/WEEXSDK/incubator-weex/ios/sdk/Products",
				);
				INFOPLIST_FILE = "cw-hello/Info.plist";
				LD_RUNPATH_SEARCH_PATHS = (
					"$(inherited)",
					"@executable_path/Frameworks",
				);
				PRODUCT_BUNDLE_IDENTIFIER = "cw.cw-hello";
				PRODUCT_NAME = "$(TARGET_NAME)";
				TARGETED_DEVICE_FAMILY = "1,2";
			};
			name = Debug;
		};
		485A02B720EA122500CA3FF1 /* Release */ = {
			isa = XCBuildConfiguration;
			baseConfigurationReference = F5AC8587C72A53CDB7C2F7DC /* Pods-cw-hello.release.xcconfig */;
			buildSettings = {
				ASSETCATALOG_COMPILER_APPICON_NAME = AppIcon;
				CODE_SIGN_STYLE = Automatic;
				FRAMEWORK_SEARCH_PATHS = (
					"$(inherited)",
					"$(PROJECT_DIR)/sdk/WEEXSDK/incubator-weex/ios/sdk/Products",
				);
				INFOPLIST_FILE = "cw-hello/Info.plist";
				LD_RUNPATH_SEARCH_PATHS = (
					"$(inherited)",
					"@executable_path/Frameworks",
				);
				PRODUCT_BUNDLE_IDENTIFIER = "cw.cw-hello";
				PRODUCT_NAME = "$(TARGET_NAME)";
				TARGETED_DEVICE_FAMILY = "1,2";
			};
			name = Release;
		};
		485A02B920EA122500CA3FF1 /* Debug */ = {
			isa = XCBuildConfiguration;
			baseConfigurationReference = CE0CDBE9AC98A3EB1254B5DE /* Pods-cw-helloTests.debug.xcconfig */;
			buildSettings = {
				BUNDLE_LOADER = "$(TEST_HOST)";
				CODE_SIGN_STYLE = Automatic;
				INFOPLIST_FILE = "cw-helloTests/Info.plist";
				LD_RUNPATH_SEARCH_PATHS = (
					"$(inherited)",
					"@executable_path/Frameworks",
					"@loader_path/Frameworks",
				);
				PRODUCT_BUNDLE_IDENTIFIER = "cw.cw-helloTests";
				PRODUCT_NAME = "$(TARGET_NAME)";
				TARGETED_DEVICE_FAMILY = "1,2";
				TEST_HOST = "$(BUILT_PRODUCTS_DIR)/cw-hello.app/cw-hello";
			};
			name = Debug;
		};
		485A02BA20EA122500CA3FF1 /* Release */ = {
			isa = XCBuildConfiguration;
			baseConfigurationReference = 636B8CDE0421DDF380295621 /* Pods-cw-helloTests.release.xcconfig */;
			buildSettings = {
				BUNDLE_LOADER = "$(TEST_HOST)";
				CODE_SIGN_STYLE = Automatic;
				INFOPLIST_FILE = "cw-helloTests/Info.plist";
				LD_RUNPATH_SEARCH_PATHS = (
					"$(inherited)",
					"@executable_path/Frameworks",
					"@loader_path/Frameworks",
				);
				PRODUCT_BUNDLE_IDENTIFIER = "cw.cw-helloTests";
				PRODUCT_NAME = "$(TARGET_NAME)";
				TARGETED_DEVICE_FAMILY = "1,2";
				TEST_HOST = "$(BUILT_PRODUCTS_DIR)/cw-hello.app/cw-hello";
			};
			name = Release;
		};
		485A02BC20EA122500CA3FF1 /* Debug */ = {
			isa = XCBuildConfiguration;
			baseConfigurationReference = 60A5E3087AB5C4852045728B /* Pods-cw-helloUITests.debug.xcconfig */;
			buildSettings = {
				CODE_SIGN_STYLE = Automatic;
				INFOPLIST_FILE = "cw-helloUITests/Info.plist";
				LD_RUNPATH_SEARCH_PATHS = (
					"$(inherited)",
					"@executable_path/Frameworks",
					"@loader_path/Frameworks",
				);
				PRODUCT_BUNDLE_IDENTIFIER = "cw.cw-helloUITests";
				PRODUCT_NAME = "$(TARGET_NAME)";
				TARGETED_DEVICE_FAMILY = "1,2";
				TEST_TARGET_NAME = "cw-hello";
			};
			name = Debug;
		};
		485A02BD20EA122500CA3FF1 /* Release */ = {
			isa = XCBuildConfiguration;
			baseConfigurationReference = 727654AAC4DA80759C6555D3 /* Pods-cw-helloUITests.release.xcconfig */;
			buildSettings = {
				CODE_SIGN_STYLE = Automatic;
				INFOPLIST_FILE = "cw-helloUITests/Info.plist";
				LD_RUNPATH_SEARCH_PATHS = (
					"$(inherited)",
					"@executable_path/Frameworks",
					"@loader_path/Frameworks",
				);
				PRODUCT_BUNDLE_IDENTIFIER = "cw.cw-helloUITests";
				PRODUCT_NAME = "$(TARGET_NAME)";
				TARGETED_DEVICE_FAMILY = "1,2";
				TEST_TARGET_NAME = "cw-hello";
			};
			name = Release;
		};
/* End XCBuildConfiguration section */

/* Begin XCConfigurationList section */
		485A028420EA122400CA3FF1 /* Build configuration list for PBXProject "cw-hello" */ = {
			isa = XCConfigurationList;
			buildConfigurations = (
				485A02B320EA122500CA3FF1 /* Debug */,
				485A02B420EA122500CA3FF1 /* Release */,
			);
			defaultConfigurationIsVisible = 0;
			defaultConfigurationName = Release;
		};
		485A02B520EA122500CA3FF1 /* Build configuration list for PBXNativeTarget "cw-hello" */ = {
			isa = XCConfigurationList;
			buildConfigurations = (
				485A02B620EA122500CA3FF1 /* Debug */,
				485A02B720EA122500CA3FF1 /* Release */,
			);
			defaultConfigurationIsVisible = 0;
			defaultConfigurationName = Release;
		};
		485A02B820EA122500CA3FF1 /* Build configuration list for PBXNativeTarget "cw-helloTests" */ = {
			isa = XCConfigurationList;
			buildConfigurations = (
				485A02B920EA122500CA3FF1 /* Debug */,
				485A02BA20EA122500CA3FF1 /* Release */,
			);
			defaultConfigurationIsVisible = 0;
			defaultConfigurationName = Release;
		};
		485A02BB20EA122500CA3FF1 /* Build configuration list for PBXNativeTarget "cw-helloUITests" */ = {
			isa = XCConfigurationList;
			buildConfigurations = (
				485A02BC20EA122500CA3FF1 /* Debug */,
				485A02BD20EA122500CA3FF1 /* Release */,
			);
			defaultConfigurationIsVisible = 0;
			defaultConfigurationName = Release;
		};
/* End XCConfigurationList section */
	};
	rootObject = 485A028120EA122400CA3FF1 /* Project object */;
}
